// !$*UTF8*$!
{
	archiveVersion = 1;
	classes = {
	};
	objectVersion = 55;
	objects = {

/* Begin PBXBuildFile section */
		45B9A70D28588EA700214BD3 /* Tests_iOS.swift in Sources */ = {isa = PBXBuildFile; fileRef = 45B9A70C28588EA700214BD3 /* Tests_iOS.swift */; };
		45B9A70F28588EA700214BD3 /* Tests_iOSLaunchTests.swift in Sources */ = {isa = PBXBuildFile; fileRef = 45B9A70E28588EA700214BD3 /* Tests_iOSLaunchTests.swift */; };
		45B9A71C28588EA700214BD3 /* rockPaperScissorsGameApp.swift in Sources */ = {isa = PBXBuildFile; fileRef = 45B9A6F428588EA600214BD3 /* rockPaperScissorsGameApp.swift */; };
		45B9A71E28588EA700214BD3 /* ContentView.swift in Sources */ = {isa = PBXBuildFile; fileRef = 45B9A6F528588EA600214BD3 /* ContentView.swift */; };
		45B9A72028588EA700214BD3 /* Assets.xcassets in Resources */ = {isa = PBXBuildFile; fileRef = 45B9A6F628588EA700214BD3 /* Assets.xcassets */; };
		45B9A73228588F3200214BD3 /* Game.swift in Sources */ = {isa = PBXBuildFile; fileRef = 45B9A73128588F3200214BD3 /* Game.swift */; };
		45B9A73428588F5300214BD3 /* GameLogic.swift in Sources */ = {isa = PBXBuildFile; fileRef = 45B9A73328588F5300214BD3 /* GameLogic.swift */; };
		45B9A73728588F9600214BD3 /* Extensions.swift in Sources */ = {isa = PBXBuildFile; fileRef = 45B9A73628588F9600214BD3 /* Extensions.swift */; };
		45B9A73928588FB100214BD3 /* ChoicesList.swift in Sources */ = {isa = PBXBuildFile; fileRef = 45B9A73828588FB100214BD3 /* ChoicesList.swift */; };
		45B9A73B28588FCE00214BD3 /* ScoreLabels.swift in Sources */ = {isa = PBXBuildFile; fileRef = 45B9A73A28588FCE00214BD3 /* ScoreLabels.swift */; };
/* End PBXBuildFile section */

/* Begin PBXContainerItemProxy section */
		45B9A70928588EA700214BD3 /* PBXContainerItemProxy */ = {
			isa = PBXContainerItemProxy;
			containerPortal = 45B9A6EF28588EA600214BD3 /* Project object */;
			proxyType = 1;
			remoteGlobalIDString = 45B9A6FA28588EA700214BD3;
			remoteInfo = "rockPaperScissorsGame (iOS)";
		};
/* End PBXContainerItemProxy section */

/* Begin PBXFileReference section */
		45B9A6F428588EA600214BD3 /* rockPaperScissorsGameApp.swift */ = {isa = PBXFileReference; lastKnownFileType = sourcecode.swift; path = rockPaperScissorsGameApp.swift; sourceTree = "<group>"; };
		45B9A6F528588EA600214BD3 /* ContentView.swift */ = {isa = PBXFileReference; lastKnownFileType = sourcecode.swift; path = ContentView.swift; sourceTree = "<group>"; };
		45B9A6F628588EA700214BD3 /* Assets.xcassets */ = {isa = PBXFileReference; lastKnownFileType = folder.assetcatalog; path = Assets.xcassets; sourceTree = "<group>"; };
		45B9A6FB28588EA700214BD3 /* rockPaperScissorsGame.app */ = {isa = PBXFileReference; explicitFileType = wrapper.application; includeInIndex = 0; path = rockPaperScissorsGame.app; sourceTree = BUILT_PRODUCTS_DIR; };
		45B9A70828588EA700214BD3 /* Tests iOS.xctest */ = {isa = PBXFileReference; explicitFileType = wrapper.cfbundle; includeInIndex = 0; path = "Tests iOS.xctest"; sourceTree = BUILT_PRODUCTS_DIR; };
		45B9A70C28588EA700214BD3 /* Tests_iOS.swift */ = {isa = PBXFileReference; lastKnownFileType = sourcecode.swift; path = Tests_iOS.swift; sourceTree = "<group>"; };
		45B9A70E28588EA700214BD3 /* Tests_iOSLaunchTests.swift */ = {isa = PBXFileReference; lastKnownFileType = sourcecode.swift; path = Tests_iOSLaunchTests.swift; sourceTree = "<group>"; };
		45B9A73128588F3200214BD3 /* Game.swift */ = {isa = PBXFileReference; lastKnownFileType = sourcecode.swift; path = Game.swift; sourceTree = "<group>"; };
		45B9A73328588F5300214BD3 /* GameLogic.swift */ = {isa = PBXFileReference; lastKnownFileType = sourcecode.swift; path = GameLogic.swift; sourceTree = "<group>"; };
		45B9A73628588F9600214BD3 /* Extensions.swift */ = {isa = PBXFileReference; lastKnownFileType = sourcecode.swift; path = Extensions.swift; sourceTree = "<group>"; };
		45B9A73828588FB100214BD3 /* ChoicesList.swift */ = {isa = PBXFileReference; lastKnownFileType = sourcecode.swift; path = ChoicesList.swift; sourceTree = "<group>"; };
		45B9A73A28588FCE00214BD3 /* ScoreLabels.swift */ = {isa = PBXFileReference; lastKnownFileType = sourcecode.swift; path = ScoreLabels.swift; sourceTree = "<group>"; };
		45B9A73C2859192400214BD3 /* rockPaperScissorsGame--iOS--Info.plist */ = {isa = PBXFileReference; lastKnownFileType = text.plist; path = "rockPaperScissorsGame--iOS--Info.plist"; sourceTree = "<group>"; };
/* End PBXFileReference section */

/* Begin PBXFrameworksBuildPhase section */
		45B9A6F828588EA700214BD3 /* Frameworks */ = {
			isa = PBXFrameworksBuildPhase;
			buildActionMask = 2147483647;
			files = (
			);
			runOnlyForDeploymentPostprocessing = 0;
		};
		45B9A70528588EA700214BD3 /* Frameworks */ = {
			isa = PBXFrameworksBuildPhase;
			buildActionMask = 2147483647;
			files = (
			);
			runOnlyForDeploymentPostprocessing = 0;
		};
/* End PBXFrameworksBuildPhase section */

/* Begin PBXGroup section */
		45B9A6EE28588EA600214BD3 = {
			isa = PBXGroup;
			children = (
				45B9A73C2859192400214BD3 /* rockPaperScissorsGame--iOS--Info.plist */,
				45B9A6F328588EA600214BD3 /* App */,
				45B9A70B28588EA700214BD3 /* Tests iOS */,
				45B9A6FC28588EA700214BD3 /* Products */,
			);
			sourceTree = "<group>";
		};
		45B9A6F328588EA600214BD3 /* App */ = {
			isa = PBXGroup;
			children = (
				45B9A73528588F7900214BD3 /* Views */,
				45B9A73028588F1F00214BD3 /* Models */,
				45B9A6F428588EA600214BD3 /* rockPaperScissorsGameApp.swift */,
				45B9A6F628588EA700214BD3 /* Assets.xcassets */,
			);
			path = App;
			sourceTree = "<group>";
		};
		45B9A6FC28588EA700214BD3 /* Products */ = {
			isa = PBXGroup;
			children = (
				45B9A6FB28588EA700214BD3 /* rockPaperScissorsGame.app */,
				45B9A70828588EA700214BD3 /* Tests iOS.xctest */,
			);
			name = Products;
			sourceTree = "<group>";
		};
		45B9A70B28588EA700214BD3 /* Tests iOS */ = {
			isa = PBXGroup;
			children = (
				45B9A70C28588EA700214BD3 /* Tests_iOS.swift */,
				45B9A70E28588EA700214BD3 /* Tests_iOSLaunchTests.swift */,
			);
			path = "Tests iOS";
			sourceTree = "<group>";
		};
		45B9A73028588F1F00214BD3 /* Models */ = {
			isa = PBXGroup;
			children = (
				45B9A73128588F3200214BD3 /* Game.swift */,
				45B9A73328588F5300214BD3 /* GameLogic.swift */,
			);
			path = Models;
			sourceTree = "<group>";
		};
		45B9A73528588F7900214BD3 /* Views */ = {
			isa = PBXGroup;
			children = (
				45B9A6F528588EA600214BD3 /* ContentView.swift */,
				45B9A73628588F9600214BD3 /* Extensions.swift */,
				45B9A73828588FB100214BD3 /* ChoicesList.swift */,
				45B9A73A28588FCE00214BD3 /* ScoreLabels.swift */,
			);
			path = Views;
			sourceTree = "<group>";
		};
/* End PBXGroup section */

/* Begin PBXNativeTarget section */
		45B9A6FA28588EA700214BD3 /* rockPaperScissorsGame (iOS) */ = {
			isa = PBXNativeTarget;
			buildConfigurationList = 45B9A72428588EA700214BD3 /* Build configuration list for PBXNativeTarget "rockPaperScissorsGame (iOS)" */;
			buildPhases = (
				45B9A6F728588EA700214BD3 /* Sources */,
				45B9A6F828588EA700214BD3 /* Frameworks */,
				45B9A6F928588EA700214BD3 /* Resources */,
			);
			buildRules = (
			);
			dependencies = (
			);
			name = "rockPaperScissorsGame (iOS)";
			productName = "rockPaperScissorsGame (iOS)";
			productReference = 45B9A6FB28588EA700214BD3 /* rockPaperScissorsGame.app */;
			productType = "com.apple.product-type.application";
		};
		45B9A70728588EA700214BD3 /* Tests iOS */ = {
			isa = PBXNativeTarget;
			buildConfigurationList = 45B9A72A28588EA700214BD3 /* Build configuration list for PBXNativeTarget "Tests iOS" */;
			buildPhases = (
				45B9A70428588EA700214BD3 /* Sources */,
				45B9A70528588EA700214BD3 /* Frameworks */,
				45B9A70628588EA700214BD3 /* Resources */,
			);
			buildRules = (
			);
			dependencies = (
				45B9A70A28588EA700214BD3 /* PBXTargetDependency */,
			);
			name = "Tests iOS";
			productName = "Tests iOS";
			productReference = 45B9A70828588EA700214BD3 /* Tests iOS.xctest */;
			productType = "com.apple.product-type.bundle.ui-testing";
		};
/* End PBXNativeTarget section */

/* Begin PBXProject section */
		45B9A6EF28588EA600214BD3 /* Project object */ = {
			isa = PBXProject;
			attributes = {
				BuildIndependentTargetsInParallel = 1;
				LastSwiftUpdateCheck = 1340;
				LastUpgradeCheck = 1340;
				TargetAttributes = {
					45B9A6FA28588EA700214BD3 = {
						CreatedOnToolsVersion = 13.4.1;
					};
					45B9A70728588EA700214BD3 = {
						CreatedOnToolsVersion = 13.4.1;
						TestTargetID = 45B9A6FA28588EA700214BD3;
					};
				};
			};
			buildConfigurationList = 45B9A6F228588EA600214BD3 /* Build configuration list for PBXProject "rockPaperScissorsGame" */;
			compatibilityVersion = "Xcode 13.0";
			developmentRegion = en;
			hasScannedForEncodings = 0;
			knownRegions = (
				en,
				Base,
			);
			mainGroup = 45B9A6EE28588EA600214BD3;
			productRefGroup = 45B9A6FC28588EA700214BD3 /* Products */;
			projectDirPath = "";
			projectRoot = "";
			targets = (
				45B9A6FA28588EA700214BD3 /* rockPaperScissorsGame (iOS) */,
				45B9A70728588EA700214BD3 /* Tests iOS */,
			);
		};
/* End PBXProject section */

/* Begin PBXResourcesBuildPhase section */
		45B9A6F928588EA700214BD3 /* Resources */ = {
			isa = PBXResourcesBuildPhase;
			buildActionMask = 2147483647;
			files = (
				45B9A72028588EA700214BD3 /* Assets.xcassets in Resources */,
			);
			runOnlyForDeploymentPostprocessing = 0;
		};
		45B9A70628588EA700214BD3 /* Resources */ = {
			isa = PBXResourcesBuildPhase;
			buildActionMask = 2147483647;
			files = (
			);
			runOnlyForDeploymentPostprocessing = 0;
		};
/* End PBXResourcesBuildPhase section */

/* Begin PBXSourcesBuildPhase section */
		45B9A6F728588EA700214BD3 /* Sources */ = {
			isa = PBXSourcesBuildPhase;
			buildActionMask = 2147483647;
			files = (
				45B9A73728588F9600214BD3 /* Extensions.swift in Sources */,
				45B9A73228588F3200214BD3 /* Game.swift in Sources */,
				45B9A71E28588EA700214BD3 /* ContentView.swift in Sources */,
				45B9A73928588FB100214BD3 /* ChoicesList.swift in Sources */,
				45B9A71C28588EA700214BD3 /* rockPaperScissorsGameApp.swift in Sources */,
				45B9A73B28588FCE00214BD3 /* ScoreLabels.swift in Sources */,
				45B9A73428588F5300214BD3 /* GameLogic.swift in Sources */,
			);
			runOnlyForDeploymentPostprocessing = 0;
		};
		45B9A70428588EA700214BD3 /* Sources */ = {
			isa = PBXSourcesBuildPhase;
			buildActionMask = 2147483647;
			files = (
				45B9A70F28588EA700214BD3 /* Tests_iOSLaunchTests.swift in Sources */,
				45B9A70D28588EA700214BD3 /* Tests_iOS.swift in Sources */,
			);
			runOnlyForDeploymentPostprocessing = 0;
		};
/* End PBXSourcesBuildPhase section */

/* Begin PBXTargetDependency section */
		45B9A70A28588EA700214BD3 /* PBXTargetDependency */ = {
			isa = PBXTargetDependency;
			target = 45B9A6FA28588EA700214BD3 /* rockPaperScissorsGame (iOS) */;
			targetProxy = 45B9A70928588EA700214BD3 /* PBXContainerItemProxy */;
		};
/* End PBXTargetDependency section */

/* Begin XCBuildConfiguration section */
		45B9A72228588EA700214BD3 /* Debug */ = {
			isa = XCBuildConfiguration;
			buildSettings = {
				ALWAYS_SEARCH_USER_PATHS = NO;
				CLANG_ANALYZER_NONNULL = YES;
				CLANG_ANALYZER_NUMBER_OBJECT_CONVERSION = YES_AGGRESSIVE;
				CLANG_CXX_LANGUAGE_STANDARD = "gnu++17";
				CLANG_ENABLE_MODULES = YES;
				CLANG_ENABLE_OBJC_ARC = YES;
				CLANG_ENABLE_OBJC_WEAK = YES;
				CLANG_WARN_BLOCK_CAPTURE_AUTORELEASING = YES;
				CLANG_WARN_BOOL_CONVERSION = YES;
				CLANG_WARN_COMMA = YES;
				CLANG_WARN_CONSTANT_CONVERSION = YES;
				CLANG_WARN_DEPRECATED_OBJC_IMPLEMENTATIONS = YES;
				CLANG_WARN_DIRECT_OBJC_ISA_USAGE = YES_ERROR;
				CLANG_WARN_DOCUMENTATION_COMMENTS = YES;
				CLANG_WARN_EMPTY_BODY = YES;
				CLANG_WARN_ENUM_CONVERSION = YES;
				CLANG_WARN_INFINITE_RECURSION = YES;
				CLANG_WARN_INT_CONVERSION = YES;
				CLANG_WARN_NON_LITERAL_NULL_CONVERSION = YES;
				CLANG_WARN_OBJC_IMPLICIT_RETAIN_SELF = YES;
				CLANG_WARN_OBJC_LITERAL_CONVERSION = YES;
				CLANG_WARN_OBJC_ROOT_CLASS = YES_ERROR;
				CLANG_WARN_QUOTED_INCLUDE_IN_FRAMEWORK_HEADER = YES;
				CLANG_WARN_RANGE_LOOP_ANALYSIS = YES;
				CLANG_WARN_STRICT_PROTOTYPES = YES;
				CLANG_WARN_SUSPICIOUS_MOVE = YES;
				CLANG_WARN_UNGUARDED_AVAILABILITY = YES_AGGRESSIVE;
				CLANG_WARN_UNREACHABLE_CODE = YES;
				CLANG_WARN__DUPLICATE_METHOD_MATCH = YES;
				COPY_PHASE_STRIP = NO;
				DEBUG_INFORMATION_FORMAT = dwarf;
				ENABLE_STRICT_OBJC_MSGSEND = YES;
				ENABLE_TESTABILITY = YES;
				GCC_C_LANGUAGE_STANDARD = gnu11;
				GCC_DYNAMIC_NO_PIC = NO;
				GCC_NO_COMMON_BLOCKS = YES;
				GCC_OPTIMIZATION_LEVEL = 0;
				GCC_PREPROCESSOR_DEFINITIONS = (
					"DEBUG=1",
					"$(inherited)",
				);
				GCC_WARN_64_TO_32_BIT_CONVERSION = YES;
				GCC_WARN_ABOUT_RETURN_TYPE = YES_ERROR;
				GCC_WARN_UNDECLARED_SELECTOR = YES;
				GCC_WARN_UNINITIALIZED_AUTOS = YES_AGGRESSIVE;
				GCC_WARN_UNUSED_FUNCTION = YES;
				GCC_WARN_UNUSED_VARIABLE = YES;
				MTL_ENABLE_DEBUG_INFO = INCLUDE_SOURCE;
				MTL_FAST_MATH = YES;
				ONLY_ACTIVE_ARCH = YES;
				SWIFT_ACTIVE_COMPILATION_CONDITIONS = DEBUG;
				SWIFT_OPTIMIZATION_LEVEL = "-Onone";
			};
			name = Debug;
		};
		45B9A72328588EA700214BD3 /* Release */ = {
			isa = XCBuildConfiguration;
			buildSettings = {
				ALWAYS_SEARCH_USER_PATHS = NO;
				CLANG_ANALYZER_NONNULL = YES;
				CLANG_ANALYZER_NUMBER_OBJECT_CONVERSION = YES_AGGRESSIVE;
				CLANG_CXX_LANGUAGE_STANDARD = "gnu++17";
				CLANG_ENABLE_MODULES = YES;
				CLANG_ENABLE_OBJC_ARC = YES;
				CLANG_ENABLE_OBJC_WEAK = YES;
				CLANG_WARN_BLOCK_CAPTURE_AUTORELEASING = YES;
				CLANG_WARN_BOOL_CONVERSION = YES;
				CLANG_WARN_COMMA = YES;
				CLANG_WARN_CONSTANT_CONVERSION = YES;
				CLANG_WARN_DEPRECATED_OBJC_IMPLEMENTATIONS = YES;
				CLANG_WARN_DIRECT_OBJC_ISA_USAGE = YES_ERROR;
				CLANG_WARN_DOCUMENTATION_COMMENTS = YES;
				CLANG_WARN_EMPTY_BODY = YES;
				CLANG_WARN_ENUM_CONVERSION = YES;
				CLANG_WARN_INFINITE_RECURSION = YES;
				CLANG_WARN_INT_CONVERSION = YES;
				CLANG_WARN_NON_LITERAL_NULL_CONVERSION = YES;
				CLANG_WARN_OBJC_IMPLICIT_RETAIN_SELF = YES;
				CLANG_WARN_OBJC_LITERAL_CONVERSION = YES;
				CLANG_WARN_OBJC_ROOT_CLASS = YES_ERROR;
				CLANG_WARN_QUOTED_INCLUDE_IN_FRAMEWORK_HEADER = YES;
				CLANG_WARN_RANGE_LOOP_ANALYSIS = YES;
				CLANG_WARN_STRICT_PROTOTYPES = YES;
				CLANG_WARN_SUSPICIOUS_MOVE = YES;
				CLANG_WARN_UNGUARDED_AVAILABILITY = YES_AGGRESSIVE;
				CLANG_WARN_UNREACHABLE_CODE = YES;
				CLANG_WARN__DUPLICATE_METHOD_MATCH = YES;
				COPY_PHASE_STRIP = NO;
				DEBUG_INFORMATION_FORMAT = "dwarf-with-dsym";
				ENABLE_NS_ASSERTIONS = NO;
				ENABLE_STRICT_OBJC_MSGSEND = YES;
				GCC_C_LANGUAGE_STANDARD = gnu11;
				GCC_NO_COMMON_BLOCKS = YES;
				GCC_WARN_64_TO_32_BIT_CONVERSION = YES;
				GCC_WARN_ABOUT_RETURN_TYPE = YES_ERROR;
				GCC_WARN_UNDECLARED_SELECTOR = YES;
				GCC_WARN_UNINITIALIZED_AUTOS = YES_AGGRESSIVE;
				GCC_WARN_UNUSED_FUNCTION = YES;
				GCC_WARN_UNUSED_VARIABLE = YES;
				MTL_ENABLE_DEBUG_INFO = NO;
				MTL_FAST_MATH = YES;
				SWIFT_COMPILATION_MODE = wholemodule;
				SWIFT_OPTIMIZATION_LEVEL = "-O";
			};
			name = Release;
		};
		45B9A72528588EA700214BD3 /* Debug */ = {
			isa = XCBuildConfiguration;
			buildSettings = {
				ASSETCATALOG_COMPILER_APPICON_NAME = AppIcon;
				ASSETCATALOG_COMPILER_GLOBAL_ACCENT_COLOR_NAME = AccentColor;
				CODE_SIGN_STYLE = Automatic;
				CURRENT_PROJECT_VERSION = 1;
				DEVELOPMENT_TEAM = 7H9Q2XBG8M;
				ENABLE_PREVIEWS = YES;
				GENERATE_INFOPLIST_FILE = YES;
				INFOPLIST_FILE = "rockPaperScissorsGame--iOS--Info.plist";
				INFOPLIST_KEY_UIApplicationSceneManifest_Generation = YES;
				INFOPLIST_KEY_UIApplicationSupportsIndirectInputEvents = YES;
				INFOPLIST_KEY_UISupportedInterfaceOrientations_iPad = "UIInterfaceOrientationPortrait UIInterfaceOrientationPortraitUpsideDown UIInterfaceOrientationLandscapeLeft UIInterfaceOrientationLandscapeRight";
				INFOPLIST_KEY_UISupportedInterfaceOrientations_iPhone = "UIInterfaceOrientationPortrait UIInterfaceOrientationLandscapeLeft UIInterfaceOrientationLandscapeRight";
				IPHONEOS_DEPLOYMENT_TARGET = 14.0;
				LD_RUNPATH_SEARCH_PATHS = (
					"$(inherited)",
					"@executable_path/Frameworks",
				);
				MARKETING_VERSION = 1.0;
				PRODUCT_BUNDLE_IDENTIFIER = com.AhmedMh.rockPaperScissorsGame;
				PRODUCT_NAME = rockPaperScissorsGame;
				SDKROOT = iphoneos;
				SWIFT_EMIT_LOC_STRINGS = YES;
				SWIFT_VERSION = 5.0;
				TARGETED_DEVICE_FAMILY = 1;
			};
			name = Debug;
		};
		45B9A72628588EA700214BD3 /* Release */ = {
			isa = XCBuildConfiguration;
			buildSettings = {
				ASSETCATALOG_COMPILER_APPICON_NAME = AppIcon;
				ASSETCATALOG_COMPILER_GLOBAL_ACCENT_COLOR_NAME = AccentColor;
				CODE_SIGN_STYLE = Automatic;
				CURRENT_PROJECT_VERSION = 1;
				DEVELOPMENT_TEAM = 7H9Q2XBG8M;
				ENABLE_PREVIEWS = YES;
				GENERATE_INFOPLIST_FILE = YES;
				INFOPLIST_FILE = "rockPaperScissorsGame--iOS--Info.plist";
				INFOPLIST_KEY_UIApplicationSceneManifest_Generation = YES;
				INFOPLIST_KEY_UIApplicationSupportsIndirectInputEvents = YES;
				INFOPLIST_KEY_UISupportedInterfaceOrientations_iPad = "UIInterfaceOrientationPortrait UIInterfaceOrientationPortraitUpsideDown UIInterfaceOrientationLandscapeLeft UIInterfaceOrientationLandscapeRight";
				INFOPLIST_KEY_UISupportedInterfaceOrientations_iPhone = "UIInterfaceOrientationPortrait UIInterfaceOrientationLandscapeLeft UIInterfaceOrientationLandscapeRight";
				IPHONEOS_DEPLOYMENT_TARGET = 14.0;
				LD_RUNPATH_SEARCH_PATHS = (
					"$(inherited)",
					"@executable_path/Frameworks",
				);
				MARKETING_VERSION = 1.0;
				PRODUCT_BUNDLE_IDENTIFIER = com.AhmedMh.rockPaperScissorsGame;
				PRODUCT_NAME = rockPaperScissorsGame;
				SDKROOT = iphoneos;
				SWIFT_EMIT_LOC_STRINGS = YES;
				SWIFT_VERSION = 5.0;
				TARGETED_DEVICE_FAMILY = 1;
				VALIDATE_PRODUCT = YES;
			};
			name = Release;
		};
		45B9A72B28588EA700214BD3 /* Debug */ = {
			isa = XCBuildConfiguration;
			buildSettings = {
				ALWAYS_EMBED_SWIFT_STANDARD_LIBRARIES = YES;
				CODE_SIGN_STYLE = Automatic;
				CURRENT_PROJECT_VERSION = 1;
				DEVELOPMENT_TEAM = 7H9Q2XBG8M;
				GENERATE_INFOPLIST_FILE = YES;
				IPHONEOS_DEPLOYMENT_TARGET = 15.5;
				MARKETING_VERSION = 1.0;
				PRODUCT_BUNDLE_IDENTIFIER = "com.AhmedMh.Tests-iOS";
				PRODUCT_NAME = "$(TARGET_NAME)";
				SDKROOT = iphoneos;
				SWIFT_EMIT_LOC_STRINGS = NO;
				SWIFT_VERSION = 5.0;
				TARGETED_DEVICE_FAMILY = "1,2";
				TEST_TARGET_NAME = "rockPaperScissorsGame (iOS)";
			};
			name = Debug;
		};
		45B9A72C28588EA700214BD3 /* Release */ = {
			isa = XCBuildConfiguration;
			buildSettings = {
				ALWAYS_EMBED_SWIFT_STANDARD_LIBRARIES = YES;
				CODE_SIGN_STYLE = Automatic;
				CURRENT_PROJECT_VERSION = 1;
				DEVELOPMENT_TEAM = 7H9Q2XBG8M;
				GENERATE_INFOPLIST_FILE = YES;
				IPHONEOS_DEPLOYMENT_TARGET = 15.5;
				MARKETING_VERSION = 1.0;
				PRODUCT_BUNDLE_IDENTIFIER = "com.AhmedMh.Tests-iOS";
				PRODUCT_NAME = "$(TARGET_NAME)";
				SDKROOT = iphoneos;
				SWIFT_EMIT_LOC_STRINGS = NO;
				SWIFT_VERSION = 5.0;
				TARGETED_DEVICE_FAMILY = "1,2";
				TEST_TARGET_NAME = "rockPaperScissorsGame (iOS)";
				VALIDATE_PRODUCT = YES;
			};
			name = Release;
		};
/* End XCBuildConfiguration section */

/* Begin XCConfigurationList section */
		45B9A6F228588EA600214BD3 /* Build configuration list for PBXProject "rockPaperScissorsGame" */ = {
			isa = XCConfigurationList;
			buildConfigurations = (
				45B9A72228588EA700214BD3 /* Debug */,
				45B9A72328588EA700214BD3 /* Release */,
			);
			defaultConfigurationIsVisible = 0;
			defaultConfigurationName = Release;
		};
		45B9A72428588EA700214BD3 /* Build configuration list for PBXNativeTarget "rockPaperScissorsGame (iOS)" */ = {
			isa = XCConfigurationList;
			buildConfigurations = (
				45B9A72528588EA700214BD3 /* Debug */,
				45B9A72628588EA700214BD3 /* Release */,
			);
			defaultConfigurationIsVisible = 0;
			defaultConfigurationName = Release;
		};
		45B9A72A28588EA700214BD3 /* Build configuration list for PBXNativeTarget "Tests iOS" */ = {
			isa = XCConfigurationList;
			buildConfigurations = (
				45B9A72B28588EA700214BD3 /* Debug */,
				45B9A72C28588EA700214BD3 /* Release */,
			);
			defaultConfigurationIsVisible = 0;
			defaultConfigurationName = Release;
		};
/* End XCConfigurationList section */
	};
	rootObject = 45B9A6EF28588EA600214BD3 /* Project object */;
}
